
Microsoft Visual Studio Solution File, Format Version 12.00
# Visual Studio Version 17
VisualStudioVersion = 17.1.32421.90
MinimumVisualStudioVersion = 10.0.40219.1
Project("{FAE04EC0-301F-11D3-BF4B-00C04F79EFBC}") = "WinFormsApp1", "WinFormsApp1\WinFormsApp1.csproj", "{D18C9AD3-F245-4D4A-B35D-289AA8EC5593}"
EndProject
Global
	GlobalSection(SolutionConfigurationPlatforms) = preSolution
		Debug|Any CPU = Debug|Any CPU
		Release|Any CPU = Release|Any CPU
	EndGlobalSection
	GlobalSection(ProjectConfigurationPlatforms) = postSolution
		{D18C9AD3-F245-4D4A-B35D-289AA8EC5593}.Debug|Any CPU.ActiveCfg = Debug|Any CPU
		{D18C9AD3-F245-4D4A-B35D-289AA8EC5593}.Debug|Any CPU.Build.0 = Debug|Any CPU
		{D18C9AD3-F245-4D4A-B35D-289AA8EC5593}.Release|Any CPU.ActiveCfg = Release|Any CPU
		{D18C9AD3-F245-4D4A-B35D-289AA8EC5593}.Release|Any CPU.Build.0 = Release|Any CPU
	EndGlobalSection
	GlobalSection(SolutionProperties) = preSolution
		HideSolutionNode = FALSE
	EndGlobalSection
	GlobalSection(ExtensibilityGlobals) = postSolution
		SolutionGuid = {986AA437-A060-42EE-ADE8-2AFE9DCFFD62}
	EndGlobalSection
EndGlobal
